# THIS IS AN AUTOGENERATED FILE. DO NOT EDIT THIS FILE DIRECTLY.
# yarn lockfile v1


leaflet@^1.7.1:
  version "1.7.1"
  resolved "https://registry.yarnpkg.com/leaflet/-/leaflet-1.7.1.tgz#10d684916edfe1bf41d688a3b97127c0322a2a19"
  integrity sha512-/xwPEBidtg69Q3HlqPdU3DnrXQOvQU/CCHA1tcDQVzOwm91YMYaILjNp7L4Eaw5Z4sOYdbBz6koWyibppd8Zqw==

vue2-leaflet@^2.7.1:
  version "2.7.1"
  resolved "https://registry.yarnpkg.com/vue2-leaflet/-/vue2-leaflet-2.7.1.tgz#2f95c287621bf778f10804c88223877f5c049257"
  integrity sha512-K7HOlzRhjt3Z7+IvTqEavIBRbmCwSZSCVUlz9u4Rc+3xGCLsHKz4TAL4diAmfHElCQdPPVdZdJk8wPUt2fu6WQ==
